PODS:
  - JTSImageViewController (1.5.1)
  - MVImagePicker (1.0.1):
    - SnapKit
  - SnapKit (0.20.0)
  - SVProgressHUD (1.1.3)

DEPENDENCIES:
  - JTSImageViewController (~> 1.5)
  - MVImagePicker (from `../`)
  - SVProgressHUD (~> 1.1)

EXTERNAL SOURCES:
  MVImagePicker:
    :path: "../"

SPEC CHECKSUMS:
  JTSImageViewController: 1f8ce1cc93dab0d0af8e53badeea7528560cfec9
  MVImagePicker: e277260069e0bd84265b7c5ee3c2b6b16bf1edf8
  SnapKit: 5fce3c1bbbf1fbd31de9aa92f33eb9fa03f15650
  SVProgressHUD: 748080e4f36e603f6c02aec292664239df5279c1

PODFILE CHECKSUM: 4d03088a9d267935cd592c95a4c20b8d10e88d7c

COCOAPODS: 1.0.1
